{
  "pins" : [
    {
      "identity" : "common-crypto-spm",
      "kind" : "remoteSourceControl",
      "location" : "https://github.com/Azoy/common-crypto-spm.git",
      "state" : {
        "revision" : "7e9904a0d0c0024a86ab6fe5698ffc8f7799efb4",
        "version" : "1.2.0"
      }
    },
    {
      "identity" : "starscream",
      "kind" : "remoteSourceControl",
      "location" : "https://github.com/Azoy/Starscream.git",
      "state" : {
        "revision" : "a21fca8e9dc83cf3a88a3ba9be15ff17a7e4e8d6",
        "version" : "3.0.5"
      }
    },
    {
      "identity" : "swiftsoup",
      "kind" : "remoteSourceControl",
      "location" : "https://github.com/scinfu/SwiftSoup.git",
      "state" : {
        "revision" : "41e7c263fb8c277e980ebcb9b0b5f6031d3d4886",
        "version" : "2.4.2"
      }
    },
    {
      "identity" : "sword",
      "kind" : "remoteSourceControl",
      "location" : "https://github.com/Azoy/Sword",
      "state" : {
        "branch" : "master",
        "revision" : "01185a232ea9a33f67711550f77a7a8dbca2dc78"
      }
    },
    {
      "identity" : "zlib-spm",
      "kind" : "remoteSourceControl",
      "location" : "https://github.com/Azoy/zlib-spm.git",
      "state" : {
        "revision" : "f92fc0658af4cd9b11f233e9c02786ecbf75f1ee",
        "version" : "1.2.0"
      }
    }
  ],
  "version" : 2
}
